SITE
  remote: http://community.opscode.com/api/v1
  specs:
    simplelog_handler (1.0.0)

GIT
  remote: git://github.com/Morphodo/chef-composer.git
  ref: master
  sha: 92aee6313fc47dfd51b45c176b7efe41c767c57d
  specs:
    composer (0.2.1)

DEPENDENCIES
  composer (>= 0)
  simplelog_handler (>= 0)

